
Microsoft Visual Studio Solution File, Format Version 12.00
# Visual Studio Version 17
VisualStudioVersion = 17.3.32922.545
MinimumVisualStudioVersion = 10.0.40219.1
Project("{FAE04EC0-301F-11D3-BF4B-00C04F79EFBC}") = "CleanMovieDomain", "CleanMovieDomain\CleanMovieDomain.csproj", "{25747250-8D57-4E39-A47D-615B45AD58E8}"
EndProject
Project("{FAE04EC0-301F-11D3-BF4B-00C04F79EFBC}") = "CleanMovie.Application", "CleanMovie.Application\CleanMovie.Application.csproj", "{D324AD37-ABE6-4F5E-B30B-639D7D2BAF1E}"
EndProject
Project("{FAE04EC0-301F-11D3-BF4B-00C04F79EFBC}") = "CleanMovie.Infrastructure", "CleanMovie.Infrastructure\CleanMovie.Infrastructure.csproj", "{4EB40CCD-6D2A-44B1-A141-3CFD478BACFC}"
EndProject
Project("{FAE04EC0-301F-11D3-BF4B-00C04F79EFBC}") = "CleanMovie.SApi", "CleanMovie.SApi\CleanMovie.SApi.csproj", "{ADFE3E14-6966-472D-B66A-337AEA4C4E56}"
EndProject
Global
	GlobalSection(SolutionConfigurationPlatforms) = preSolution
		Debug|Any CPU = Debug|Any CPU
		Release|Any CPU = Release|Any CPU
	EndGlobalSection
	GlobalSection(ProjectConfigurationPlatforms) = postSolution
		{25747250-8D57-4E39-A47D-615B45AD58E8}.Debug|Any CPU.ActiveCfg = Debug|Any CPU
		{25747250-8D57-4E39-A47D-615B45AD58E8}.Debug|Any CPU.Build.0 = Debug|Any CPU
		{25747250-8D57-4E39-A47D-615B45AD58E8}.Release|Any CPU.ActiveCfg = Release|Any CPU
		{25747250-8D57-4E39-A47D-615B45AD58E8}.Release|Any CPU.Build.0 = Release|Any CPU
		{D324AD37-ABE6-4F5E-B30B-639D7D2BAF1E}.Debug|Any CPU.ActiveCfg = Debug|Any CPU
		{D324AD37-ABE6-4F5E-B30B-639D7D2BAF1E}.Debug|Any CPU.Build.0 = Debug|Any CPU
		{D324AD37-ABE6-4F5E-B30B-639D7D2BAF1E}.Release|Any CPU.ActiveCfg = Release|Any CPU
		{D324AD37-ABE6-4F5E-B30B-639D7D2BAF1E}.Release|Any CPU.Build.0 = Release|Any CPU
		{4EB40CCD-6D2A-44B1-A141-3CFD478BACFC}.Debug|Any CPU.ActiveCfg = Debug|Any CPU
		{4EB40CCD-6D2A-44B1-A141-3CFD478BACFC}.Debug|Any CPU.Build.0 = Debug|Any CPU
		{4EB40CCD-6D2A-44B1-A141-3CFD478BACFC}.Release|Any CPU.ActiveCfg = Release|Any CPU
		{4EB40CCD-6D2A-44B1-A141-3CFD478BACFC}.Release|Any CPU.Build.0 = Release|Any CPU
		{ADFE3E14-6966-472D-B66A-337AEA4C4E56}.Debug|Any CPU.ActiveCfg = Debug|Any CPU
		{ADFE3E14-6966-472D-B66A-337AEA4C4E56}.Debug|Any CPU.Build.0 = Debug|Any CPU
		{ADFE3E14-6966-472D-B66A-337AEA4C4E56}.Release|Any CPU.ActiveCfg = Release|Any CPU
		{ADFE3E14-6966-472D-B66A-337AEA4C4E56}.Release|Any CPU.Build.0 = Release|Any CPU
	EndGlobalSection
	GlobalSection(SolutionProperties) = preSolution
		HideSolutionNode = FALSE
	EndGlobalSection
	GlobalSection(ExtensibilityGlobals) = postSolution
		SolutionGuid = {2310890C-B22F-4FE1-A78E-ED7E00E1FAA7}
	EndGlobalSection
EndGlobal
